
Microsoft Visual Studio Solution File, Format Version 12.00
# Visual Studio Version 16
VisualStudioVersion = 16.0.31410.357
MinimumVisualStudioVersion = 10.0.40219.1
Project("{FAE04EC0-301F-11D3-BF4B-00C04F79EFBC}") = "SerilogDemo", "SerilogDemo\SerilogDemo.csproj", "{507A9721-D779-403B-964B-AD4B50955EF7}"
EndProject
Global
	GlobalSection(SolutionConfigurationPlatforms) = preSolution
		Debug|Any CPU = Debug|Any CPU
		Release|Any CPU = Release|Any CPU
	EndGlobalSection
	GlobalSection(ProjectConfigurationPlatforms) = postSolution
		{507A9721-D779-403B-964B-AD4B50955EF7}.Debug|Any CPU.ActiveCfg = Debug|Any CPU
		{507A9721-D779-403B-964B-AD4B50955EF7}.Debug|Any CPU.Build.0 = Debug|Any CPU
		{507A9721-D779-403B-964B-AD4B50955EF7}.Release|Any CPU.ActiveCfg = Release|Any CPU
		{507A9721-D779-403B-964B-AD4B50955EF7}.Release|Any CPU.Build.0 = Release|Any CPU
	EndGlobalSection
	GlobalSection(SolutionProperties) = preSolution
		HideSolutionNode = FALSE
	EndGlobalSection
	GlobalSection(ExtensibilityGlobals) = postSolution
		SolutionGuid = {70375F2C-3D78-41CA-8274-B27A57E4BF4E}
	EndGlobalSection
EndGlobal
